// !$*UTF8*$!
{
	archiveVersion = 1;
	classes = {
	};
	objectVersion = 50;
	objects = {

/* Begin PBXBuildFile section */
		47E79932237307CC001EE6E0 /* AppDelegate.swift in Sources */ = {isa = PBXBuildFile; fileRef = 47E79931237307CC001EE6E0 /* AppDelegate.swift */; };
		47E79934237307CC001EE6E0 /* SceneDelegate.swift in Sources */ = {isa = PBXBuildFile; fileRef = 47E79933237307CC001EE6E0 /* SceneDelegate.swift */; };
		47E79936237307CC001EE6E0 /* ViewController.swift in Sources */ = {isa = PBXBuildFile; fileRef = 47E79935237307CC001EE6E0 /* ViewController.swift */; };
		47E79939237307CC001EE6E0 /* Main.storyboard in Resources */ = {isa = PBXBuildFile; fileRef = 47E79937237307CC001EE6E0 /* Main.storyboard */; };
		47E7993B237307CD001EE6E0 /* Assets.xcassets in Resources */ = {isa = PBXBuildFile; fileRef = 47E7993A237307CD001EE6E0 /* Assets.xcassets */; };
		47E7993E237307CD001EE6E0 /* LaunchScreen.storyboard in Resources */ = {isa = PBXBuildFile; fileRef = 47E7993C237307CD001EE6E0 /* LaunchScreen.storyboard */; };
		47E7994623730814001EE6E0 /* FontsTagger.swift in Sources */ = {isa = PBXBuildFile; fileRef = 47E7994523730814001EE6E0 /* FontsTagger.swift */; };
		47E7994923730886001EE6E0 /* TaggedFont.swift in Sources */ = {isa = PBXBuildFile; fileRef = 47E7994823730886001EE6E0 /* TaggedFont.swift */; };
		47E7994B237308AC001EE6E0 /* extensions.swift in Sources */ = {isa = PBXBuildFile; fileRef = 47E7994A237308AC001EE6E0 /* extensions.swift */; };
		47E7994E23730DCF001EE6E0 /* zawgyi.ttf in Resources */ = {isa = PBXBuildFile; fileRef = 47E7994D23730CFA001EE6E0 /* zawgyi.ttf */; };
		47E7994F23730DD1001EE6E0 /* Pyidaungsu.ttf in Resources */ = {isa = PBXBuildFile; fileRef = 47E7994C23730CB8001EE6E0 /* Pyidaungsu.ttf */; };
/* End PBXBuildFile section */

/* Begin PBXFileReference section */
		47E7992E237307CC001EE6E0 /* Myanmar FontTagger.app */ = {isa = PBXFileReference; explicitFileType = wrapper.application; includeInIndex = 0; path = "Myanmar FontTagger.app"; sourceTree = BUILT_PRODUCTS_DIR; };
		47E79931237307CC001EE6E0 /* AppDelegate.swift */ = {isa = PBXFileReference; lastKnownFileType = sourcecode.swift; path = AppDelegate.swift; sourceTree = "<group>"; };
		47E79933237307CC001EE6E0 /* SceneDelegate.swift */ = {isa = PBXFileReference; lastKnownFileType = sourcecode.swift; path = SceneDelegate.swift; sourceTree = "<group>"; };
		47E79935237307CC001EE6E0 /* ViewController.swift */ = {isa = PBXFileReference; lastKnownFileType = sourcecode.swift; path = ViewController.swift; sourceTree = "<group>"; };
		47E79938237307CC001EE6E0 /* Base */ = {isa = PBXFileReference; lastKnownFileType = file.storyboard; name = Base; path = Base.lproj/Main.storyboard; sourceTree = "<group>"; };
		47E7993A237307CD001EE6E0 /* Assets.xcassets */ = {isa = PBXFileReference; lastKnownFileType = folder.assetcatalog; path = Assets.xcassets; sourceTree = "<group>"; };
		47E7993D237307CD001EE6E0 /* Base */ = {isa = PBXFileReference; lastKnownFileType = file.storyboard; name = Base; path = Base.lproj/LaunchScreen.storyboard; sourceTree = "<group>"; };
		47E7993F237307CD001EE6E0 /* Info.plist */ = {isa = PBXFileReference; lastKnownFileType = text.plist.xml; path = Info.plist; sourceTree = "<group>"; };
		47E7994523730814001EE6E0 /* FontsTagger.swift */ = {isa = PBXFileReference; fileEncoding = 4; lastKnownFileType = sourcecode.swift; path = FontsTagger.swift; sourceTree = "<group>"; };
		47E7994823730886001EE6E0 /* TaggedFont.swift */ = {isa = PBXFileReference; lastKnownFileType = sourcecode.swift; path = TaggedFont.swift; sourceTree = "<group>"; };
		47E7994A237308AC001EE6E0 /* extensions.swift */ = {isa = PBXFileReference; lastKnownFileType = sourcecode.swift; path = extensions.swift; sourceTree = "<group>"; };
		47E7994C23730CB8001EE6E0 /* Pyidaungsu.ttf */ = {isa = PBXFileReference; lastKnownFileType = file; path = Pyidaungsu.ttf; sourceTree = "<group>"; };
		47E7994D23730CFA001EE6E0 /* zawgyi.ttf */ = {isa = PBXFileReference; lastKnownFileType = file; path = zawgyi.ttf; sourceTree = "<group>"; };
/* End PBXFileReference section */

/* Begin PBXFrameworksBuildPhase section */
		47E7992B237307CC001EE6E0 /* Frameworks */ = {
			isa = PBXFrameworksBuildPhase;
			buildActionMask = 2147483647;
			files = (
			);
			runOnlyForDeploymentPostprocessing = 0;
		};
/* End PBXFrameworksBuildPhase section */

/* Begin PBXGroup section */
		47E79925237307CC001EE6E0 = {
			isa = PBXGroup;
			children = (
				47E79930237307CC001EE6E0 /* Myanmar FontTagger */,
				47E7992F237307CC001EE6E0 /* Products */,
			);
			sourceTree = "<group>";
		};
		47E7992F237307CC001EE6E0 /* Products */ = {
			isa = PBXGroup;
			children = (
				47E7992E237307CC001EE6E0 /* Myanmar FontTagger.app */,
			);
			name = Products;
			sourceTree = "<group>";
		};
		47E79930237307CC001EE6E0 /* Myanmar FontTagger */ = {
			isa = PBXGroup;
			children = (
				47E79931237307CC001EE6E0 /* AppDelegate.swift */,
				47E79933237307CC001EE6E0 /* SceneDelegate.swift */,
				47E79935237307CC001EE6E0 /* ViewController.swift */,
				47E799472373086F001EE6E0 /* FontsTagger */,
				47E79937237307CC001EE6E0 /* Main.storyboard */,
				47E7993A237307CD001EE6E0 /* Assets.xcassets */,
				47E7993C237307CD001EE6E0 /* LaunchScreen.storyboard */,
				47E7993F237307CD001EE6E0 /* Info.plist */,
			);
			path = "Myanmar FontTagger";
			sourceTree = "<group>";
		};
		47E799472373086F001EE6E0 /* FontsTagger */ = {
			isa = PBXGroup;
			children = (
				47E7994D23730CFA001EE6E0 /* zawgyi.ttf */,
				47E7994C23730CB8001EE6E0 /* Pyidaungsu.ttf */,
				47E7994523730814001EE6E0 /* FontsTagger.swift */,
				47E7994823730886001EE6E0 /* TaggedFont.swift */,
				47E7994A237308AC001EE6E0 /* extensions.swift */,
			);
			path = FontsTagger;
			sourceTree = "<group>";
		};
/* End PBXGroup section */

/* Begin PBXNativeTarget section */
		47E7992D237307CC001EE6E0 /* Myanmar FontTagger */ = {
			isa = PBXNativeTarget;
			buildConfigurationList = 47E79942237307CD001EE6E0 /* Build configuration list for PBXNativeTarget "Myanmar FontTagger" */;
			buildPhases = (
				47E7992A237307CC001EE6E0 /* Sources */,
				47E7992B237307CC001EE6E0 /* Frameworks */,
				47E7992C237307CC001EE6E0 /* Resources */,
			);
			buildRules = (
			);
			dependencies = (
			);
			name = "Myanmar FontTagger";
			productName = "Myanmar FontTagger";
			productReference = 47E7992E237307CC001EE6E0 /* Myanmar FontTagger.app */;
			productType = "com.apple.product-type.application";
		};
/* End PBXNativeTarget section */

/* Begin PBXProject section */
		47E79926237307CC001EE6E0 /* Project object */ = {
			isa = PBXProject;
			attributes = {
				LastSwiftUpdateCheck = 1120;
				LastUpgradeCheck = 1120;
				ORGANIZATIONNAME = "Aung Ko Min";
				TargetAttributes = {
					47E7992D237307CC001EE6E0 = {
						CreatedOnToolsVersion = 11.2;
					};
				};
			};
			buildConfigurationList = 47E79929237307CC001EE6E0 /* Build configuration list for PBXProject "Myanmar FontTagger" */;
			compatibilityVersion = "Xcode 9.3";
			developmentRegion = en;
			hasScannedForEncodings = 0;
			knownRegions = (
				en,
				Base,
			);
			mainGroup = 47E79925237307CC001EE6E0;
			productRefGroup = 47E7992F237307CC001EE6E0 /* Products */;
			projectDirPath = "";
			projectRoot = "";
			targets = (
				47E7992D237307CC001EE6E0 /* Myanmar FontTagger */,
			);
		};
/* End PBXProject section */

/* Begin PBXResourcesBuildPhase section */
		47E7992C237307CC001EE6E0 /* Resources */ = {
			isa = PBXResourcesBuildPhase;
			buildActionMask = 2147483647;
			files = (
				47E7994F23730DD1001EE6E0 /* Pyidaungsu.ttf in Resources */,
				47E7993E237307CD001EE6E0 /* LaunchScreen.storyboard in Resources */,
				47E7994E23730DCF001EE6E0 /* zawgyi.ttf in Resources */,
				47E7993B237307CD001EE6E0 /* Assets.xcassets in Resources */,
				47E79939237307CC001EE6E0 /* Main.storyboard in Resources */,
			);
			runOnlyForDeploymentPostprocessing = 0;
		};
/* End PBXResourcesBuildPhase section */

/* Begin PBXSourcesBuildPhase section */
		47E7992A237307CC001EE6E0 /* Sources */ = {
			isa = PBXSourcesBuildPhase;
			buildActionMask = 2147483647;
			files = (
				47E7994623730814001EE6E0 /* FontsTagger.swift in Sources */,
				47E79936237307CC001EE6E0 /* ViewController.swift in Sources */,
				47E79932237307CC001EE6E0 /* AppDelegate.swift in Sources */,
				47E7994923730886001EE6E0 /* TaggedFont.swift in Sources */,
				47E79934237307CC001EE6E0 /* SceneDelegate.swift in Sources */,
				47E7994B237308AC001EE6E0 /* extensions.swift in Sources */,
			);
			runOnlyForDeploymentPostprocessing = 0;
		};
/* End PBXSourcesBuildPhase section */

/* Begin PBXVariantGroup section */
		47E79937237307CC001EE6E0 /* Main.storyboard */ = {
			isa = PBXVariantGroup;
			children = (
				47E79938237307CC001EE6E0 /* Base */,
			);
			name = Main.storyboard;
			sourceTree = "<group>";
		};
		47E7993C237307CD001EE6E0 /* LaunchScreen.storyboard */ = {
			isa = PBXVariantGroup;
			children = (
				47E7993D237307CD001EE6E0 /* Base */,
			);
			name = LaunchScreen.storyboard;
			sourceTree = "<group>";
		};
/* End PBXVariantGroup section */

/* Begin XCBuildConfiguration section */
		47E79940237307CD001EE6E0 /* Debug */ = {
			isa = XCBuildConfiguration;
			buildSettings = {
				ALWAYS_SEARCH_USER_PATHS = NO;
				CLANG_ANALYZER_NONNULL = YES;
				CLANG_ANALYZER_NUMBER_OBJECT_CONVERSION = YES_AGGRESSIVE;
				CLANG_CXX_LANGUAGE_STANDARD = "gnu++14";
				CLANG_CXX_LIBRARY = "libc++";
				CLANG_ENABLE_MODULES = YES;
				CLANG_ENABLE_OBJC_ARC = YES;
				CLANG_ENABLE_OBJC_WEAK = YES;
				CLANG_WARN_BLOCK_CAPTURE_AUTORELEASING = YES;
				CLANG_WARN_BOOL_CONVERSION = YES;
				CLANG_WARN_COMMA = YES;
				CLANG_WARN_CONSTANT_CONVERSION = YES;
				CLANG_WARN_DEPRECATED_OBJC_IMPLEMENTATIONS = YES;
				CLANG_WARN_DIRECT_OBJC_ISA_USAGE = YES_ERROR;
				CLANG_WARN_DOCUMENTATION_COMMENTS = YES;
				CLANG_WARN_EMPTY_BODY = YES;
				CLANG_WARN_ENUM_CONVERSION = YES;
				CLANG_WARN_INFINITE_RECURSION = YES;
				CLANG_WARN_INT_CONVERSION = YES;
				CLANG_WARN_NON_LITERAL_NULL_CONVERSION = YES;
				CLANG_WARN_OBJC_IMPLICIT_RETAIN_SELF = YES;
				CLANG_WARN_OBJC_LITERAL_CONVERSION = YES;
				CLANG_WARN_OBJC_ROOT_CLASS = YES_ERROR;
				CLANG_WARN_RANGE_LOOP_ANALYSIS = YES;
				CLANG_WARN_STRICT_PROTOTYPES = YES;
				CLANG_WARN_SUSPICIOUS_MOVE = YES;
				CLANG_WARN_UNGUARDED_AVAILABILITY = YES_AGGRESSIVE;
				CLANG_WARN_UNREACHABLE_CODE = YES;
				CLANG_WARN__DUPLICATE_METHOD_MATCH = YES;
				COPY_PHASE_STRIP = NO;
				DEBUG_INFORMATION_FORMAT = dwarf;
				ENABLE_STRICT_OBJC_MSGSEND = YES;
				ENABLE_TESTABILITY = YES;
				GCC_C_LANGUAGE_STANDARD = gnu11;
				GCC_DYNAMIC_NO_PIC = NO;
				GCC_NO_COMMON_BLOCKS = YES;
				GCC_OPTIMIZATION_LEVEL = 0;
				GCC_PREPROCESSOR_DEFINITIONS = (
					"DEBUG=1",
					"$(inherited)",
				);
				GCC_WARN_64_TO_32_BIT_CONVERSION = YES;
				GCC_WARN_ABOUT_RETURN_TYPE = YES_ERROR;
				GCC_WARN_UNDECLARED_SELECTOR = YES;
				GCC_WARN_UNINITIALIZED_AUTOS = YES_AGGRESSIVE;
				GCC_WARN_UNUSED_FUNCTION = YES;
				GCC_WARN_UNUSED_VARIABLE = YES;
				IPHONEOS_DEPLOYMENT_TARGET = 13.2;
				MTL_ENABLE_DEBUG_INFO = INCLUDE_SOURCE;
				MTL_FAST_MATH = YES;
				ONLY_ACTIVE_ARCH = YES;
				SDKROOT = iphoneos;
				SWIFT_ACTIVE_COMPILATION_CONDITIONS = DEBUG;
				SWIFT_OPTIMIZATION_LEVEL = "-Onone";
			};
			name = Debug;
		};
		47E79941237307CD001EE6E0 /* Release */ = {
			isa = XCBuildConfiguration;
			buildSettings = {
				ALWAYS_SEARCH_USER_PATHS = NO;
				CLANG_ANALYZER_NONNULL = YES;
				CLANG_ANALYZER_NUMBER_OBJECT_CONVERSION = YES_AGGRESSIVE;
				CLANG_CXX_LANGUAGE_STANDARD = "gnu++14";
				CLANG_CXX_LIBRARY = "libc++";
				CLANG_ENABLE_MODULES = YES;
				CLANG_ENABLE_OBJC_ARC = YES;
				CLANG_ENABLE_OBJC_WEAK = YES;
				CLANG_WARN_BLOCK_CAPTURE_AUTORELEASING = YES;
				CLANG_WARN_BOOL_CONVERSION = YES;
				CLANG_WARN_COMMA = YES;
				CLANG_WARN_CONSTANT_CONVERSION = YES;
				CLANG_WARN_DEPRECATED_OBJC_IMPLEMENTATIONS = YES;
				CLANG_WARN_DIRECT_OBJC_ISA_USAGE = YES_ERROR;
				CLANG_WARN_DOCUMENTATION_COMMENTS = YES;
				CLANG_WARN_EMPTY_BODY = YES;
				CLANG_WARN_ENUM_CONVERSION = YES;
				CLANG_WARN_INFINITE_RECURSION = YES;
				CLANG_WARN_INT_CONVERSION = YES;
				CLANG_WARN_NON_LITERAL_NULL_CONVERSION = YES;
				CLANG_WARN_OBJC_IMPLICIT_RETAIN_SELF = YES;
				CLANG_WARN_OBJC_LITERAL_CONVERSION = YES;
				CLANG_WARN_OBJC_ROOT_CLASS = YES_ERROR;
				CLANG_WARN_RANGE_LOOP_ANALYSIS = YES;
				CLANG_WARN_STRICT_PROTOTYPES = YES;
				CLANG_WARN_SUSPICIOUS_MOVE = YES;
				CLANG_WARN_UNGUARDED_AVAILABILITY = YES_AGGRESSIVE;
				CLANG_WARN_UNREACHABLE_CODE = YES;
				CLANG_WARN__DUPLICATE_METHOD_MATCH = YES;
				COPY_PHASE_STRIP = NO;
				DEBUG_INFORMATION_FORMAT = "dwarf-with-dsym";
				ENABLE_NS_ASSERTIONS = NO;
				ENABLE_STRICT_OBJC_MSGSEND = YES;
				GCC_C_LANGUAGE_STANDARD = gnu11;
				GCC_NO_COMMON_BLOCKS = YES;
				GCC_WARN_64_TO_32_BIT_CONVERSION = YES;
				GCC_WARN_ABOUT_RETURN_TYPE = YES_ERROR;
				GCC_WARN_UNDECLARED_SELECTOR = YES;
				GCC_WARN_UNINITIALIZED_AUTOS = YES_AGGRESSIVE;
				GCC_WARN_UNUSED_FUNCTION = YES;
				GCC_WARN_UNUSED_VARIABLE = YES;
				IPHONEOS_DEPLOYMENT_TARGET = 13.2;
				MTL_ENABLE_DEBUG_INFO = NO;
				MTL_FAST_MATH = YES;
				SDKROOT = iphoneos;
				SWIFT_COMPILATION_MODE = wholemodule;
				SWIFT_OPTIMIZATION_LEVEL = "-O";
				VALIDATE_PRODUCT = YES;
			};
			name = Release;
		};
		47E79943237307CD001EE6E0 /* Debug */ = {
			isa = XCBuildConfiguration;
			buildSettings = {
				ASSETCATALOG_COMPILER_APPICON_NAME = AppIcon;
				CODE_SIGN_STYLE = Automatic;
				DEVELOPMENT_TEAM = HJ9L53D9PB;
				INFOPLIST_FILE = "Myanmar FontTagger/Info.plist";
				LD_RUNPATH_SEARCH_PATHS = (
					"$(inherited)",
					"@executable_path/Frameworks",
				);
				PRODUCT_BUNDLE_IDENTIFIER = "com.jonahaung.BalaSarYwat.Myanmar-FontTagger";
				PRODUCT_NAME = "$(TARGET_NAME)";
				SWIFT_VERSION = 5.0;
				TARGETED_DEVICE_FAMILY = "1,2";
			};
			name = Debug;
		};
		47E79944237307CD001EE6E0 /* Release */ = {
			isa = XCBuildConfiguration;
			buildSettings = {
				ASSETCATALOG_COMPILER_APPICON_NAME = AppIcon;
				CODE_SIGN_STYLE = Automatic;
				DEVELOPMENT_TEAM = HJ9L53D9PB;
				INFOPLIST_FILE = "Myanmar FontTagger/Info.plist";
				LD_RUNPATH_SEARCH_PATHS = (
					"$(inherited)",
					"@executable_path/Frameworks",
				);
				PRODUCT_BUNDLE_IDENTIFIER = "com.jonahaung.BalaSarYwat.Myanmar-FontTagger";
				PRODUCT_NAME = "$(TARGET_NAME)";
				SWIFT_VERSION = 5.0;
				TARGETED_DEVICE_FAMILY = "1,2";
			};
			name = Release;
		};
/* End XCBuildConfiguration section */

/* Begin XCConfigurationList section */
		47E79929237307CC001EE6E0 /* Build configuration list for PBXProject "Myanmar FontTagger" */ = {
			isa = XCConfigurationList;
			buildConfigurations = (
				47E79940237307CD001EE6E0 /* Debug */,
				47E79941237307CD001EE6E0 /* Release */,
			);
			defaultConfigurationIsVisible = 0;
			defaultConfigurationName = Release;
		};
		47E79942237307CD001EE6E0 /* Build configuration list for PBXNativeTarget "Myanmar FontTagger" */ = {
			isa = XCConfigurationList;
			buildConfigurations = (
				47E79943237307CD001EE6E0 /* Debug */,
				47E79944237307CD001EE6E0 /* Release */,
			);
			defaultConfigurationIsVisible = 0;
			defaultConfigurationName = Release;
		};
/* End XCConfigurationList section */
	};
	rootObject = 47E79926237307CC001EE6E0 /* Project object */;
}
